
Microsoft Visual Studio Solution File, Format Version 12.00
# Visual Studio 15
VisualStudioVersion = 15.0.28307.489
MinimumVisualStudioVersion = 10.0.40219.1
Project("{9A19103F-16F7-4668-BE54-9A1E7A4F7556}") = "reactapp", "reactapp.csproj", "{D9235030-B183-4B75-AEC8-59D7FE42647D}"
EndProject
Global
	GlobalSection(SolutionConfigurationPlatforms) = preSolution
		Debug|Any CPU = Debug|Any CPU
		Release|Any CPU = Release|Any CPU
	EndGlobalSection
	GlobalSection(ProjectConfigurationPlatforms) = postSolution
		{D9235030-B183-4B75-AEC8-59D7FE42647D}.Debug|Any CPU.ActiveCfg = Debug|Any CPU
		{D9235030-B183-4B75-AEC8-59D7FE42647D}.Debug|Any CPU.Build.0 = Debug|Any CPU
		{D9235030-B183-4B75-AEC8-59D7FE42647D}.Release|Any CPU.ActiveCfg = Release|Any CPU
		{D9235030-B183-4B75-AEC8-59D7FE42647D}.Release|Any CPU.Build.0 = Release|Any CPU
	EndGlobalSection
	GlobalSection(SolutionProperties) = preSolution
		HideSolutionNode = FALSE
	EndGlobalSection
	GlobalSection(ExtensibilityGlobals) = postSolution
		SolutionGuid = {53584B99-08D1-4D4F-A084-FF4D477D75B3}
	EndGlobalSection
EndGlobal
